
Microsoft Visual Studio Solution File, Format Version 12.00
# Visual Studio 15
VisualStudioVersion = 15.0.26730.16
MinimumVisualStudioVersion = 10.0.40219.1
Project("{F2A71F9B-5D33-465A-A702-920D77279786}") = "13-ways-of-looking-at-a-turtle", "13-ways-of-looking-at-a-turtle.fsproj", "{3DED8669-07BB-4E9F-9764-F393D3A5549D}"
EndProject
Project("{E24C65DC-7377-472B-9ABA-BC803B73C61A}") = "SSoT", "SSoT\", "{4E4924DA-2584-41B1-AB10-44E636555FF2}"
	ProjectSection(WebsiteProperties) = preProject
		TargetFrameworkMoniker = ".NETFramework,Version%3Dv4.0"
		Debug.AspNetCompiler.VirtualPath = "/localhost_57210"
		Debug.AspNetCompiler.PhysicalPath = "SSoT\"
		Debug.AspNetCompiler.TargetPath = "PrecompiledWeb\localhost_57210\"
		Debug.AspNetCompiler.Updateable = "true"
		Debug.AspNetCompiler.ForceOverwrite = "true"
		Debug.AspNetCompiler.FixedNames = "false"
		Debug.AspNetCompiler.Debug = "True"
		Release.AspNetCompiler.VirtualPath = "/localhost_57210"
		Release.AspNetCompiler.PhysicalPath = "SSoT\"
		Release.AspNetCompiler.TargetPath = "PrecompiledWeb\localhost_57210\"
		Release.AspNetCompiler.Updateable = "true"
		Release.AspNetCompiler.ForceOverwrite = "true"
		Release.AspNetCompiler.FixedNames = "false"
		Release.AspNetCompiler.Debug = "False"
		VWDPort = "57210"
		SlnRelativePath = "SSoT\"
	EndProjectSection
EndProject
Global
	GlobalSection(SolutionConfigurationPlatforms) = preSolution
		Debug|Any CPU = Debug|Any CPU
		Release|Any CPU = Release|Any CPU
	EndGlobalSection
	GlobalSection(ProjectConfigurationPlatforms) = postSolution
		{3DED8669-07BB-4E9F-9764-F393D3A5549D}.Debug|Any CPU.ActiveCfg = Debug|Any CPU
		{3DED8669-07BB-4E9F-9764-F393D3A5549D}.Debug|Any CPU.Build.0 = Debug|Any CPU
		{3DED8669-07BB-4E9F-9764-F393D3A5549D}.Release|Any CPU.ActiveCfg = Release|Any CPU
		{3DED8669-07BB-4E9F-9764-F393D3A5549D}.Release|Any CPU.Build.0 = Release|Any CPU
		{4E4924DA-2584-41B1-AB10-44E636555FF2}.Debug|Any CPU.ActiveCfg = Debug|Any CPU
		{4E4924DA-2584-41B1-AB10-44E636555FF2}.Debug|Any CPU.Build.0 = Debug|Any CPU
		{4E4924DA-2584-41B1-AB10-44E636555FF2}.Release|Any CPU.ActiveCfg = Debug|Any CPU
		{4E4924DA-2584-41B1-AB10-44E636555FF2}.Release|Any CPU.Build.0 = Debug|Any CPU
	EndGlobalSection
	GlobalSection(SolutionProperties) = preSolution
		HideSolutionNode = FALSE
	EndGlobalSection
	GlobalSection(ExtensibilityGlobals) = postSolution
		SolutionGuid = {1352D082-55D9-41D6-AF37-C57898FB8144}
	EndGlobalSection
EndGlobal
